{
  "name": "ts34",
  "version": "1.0.0",
  "lockfileVersion": 2,
  "requires": true,
  "packages": {
    "": {
      "name": "ts34",
      "version": "1.0.0",
      "license": "ISC",
      "dependencies": {
        "@types/node": "16.11.33"
      }
    },
    "node_modules/@types/node": {
      "version": "16.11.33",
      "resolved": "https://registry.npmjs.org/@types/node/-/node-16.11.33.tgz",
      "integrity": "sha512-0PJ0vg+JyU0MIan58IOIFRtSvsb7Ri+7Wltx2qAg94eMOrpg4+uuP3aUHCpxXc1i0jCXiC+zIamSZh3l9AbcQA=="
    }
  },
  "dependencies": {
    "@types/node": {
      "version": "16.11.33",
      "resolved": "https://registry.npmjs.org/@types/node/-/node-16.11.33.tgz",
      "integrity": "sha512-0PJ0vg+JyU0MIan58IOIFRtSvsb7Ri+7Wltx2qAg94eMOrpg4+uuP3aUHCpxXc1i0jCXiC+zIamSZh3l9AbcQA=="
    }
  }
}
